github.com/BurntSushi/toml v1.6.0 h1:dRaEfpa2VI55EwlIW72hMRHdWouJeRF7TPYhI+AUQjk=
github.com/BurntSushi/toml v1.6.0/go.mod h1:ukJfTF/6rtPPRCnwkur4qwRxa8vTRFBF0uk2lLoLwho=
github.com/ChristopherDavenport/agentsession v0.0.18 h1:ixEnOeX6chagEvoUiZb+aovBhGiJpRmfst5xAtmqr68=
github.com/ChristopherDavenport/agentsession v0.0.18/go.mod h1:lx4LgOt9hgxBAWDvMy29zgJ4YDChR7X5bROKHDp0Hiw=
github.com/ChristopherDavenport/agenttool v0.0.12 h1:zseRR+dnjz3FpZv5qlwz/2gW7FtOc/Tv5K+K29/h0LM=
github.com/ChristopherDavenport/agenttool v0.0.12/go.mod h1:7XGX4PGUU01SxN/H94FYTZ9QhKyM8YNBYyJW1tBYY30=
github.com/ChristopherDavenport/agentturn v0.0.13 h1:zUjZbH8nywWfYk4nyc0OPbGmeVN8bY+2Rlc4tZE+tRU=
github.com/ChristopherDavenport/agentturn v0.0.13/go.mod h1:CBOE+DRjWP4BKCApROaXcjkfhZzyRf9VGVXrnYF9b0w=
github.com/ChristopherDavenport/agentturn/session v0.0.13 h1:1/s+SveqlzgYTkEIKPexoEct/gRaRlwlUetPknD/lsQ=
github.com/ChristopherDavenport/agentturn/session v0.0.13/go.mod h1:qo7WEHMdGf6OfHEY37w/1EsXowu3uBZCAzRWgXqZ+2A=
github.com/ChristopherDavenport/openresponses v0.0.12 h1:Cg4gYqf1ZMVQhYRmD94f068OLUQEv4rIK/9bl8EBUA4=
github.com/ChristopherDavenport/openresponses v0.0.12/go.mod h1:oZT6GCySXw3+vL5LzrJrRI5qagBumqvwDZdp6Kr++a8=
