github.com/BurntSushi/toml v1.6.0 h1:dRaEfpa2VI55EwlIW72hMRHdWouJeRF7TPYhI+AUQjk=
github.com/BurntSushi/toml v1.6.0/go.mod h1:ukJfTF/6rtPPRCnwkur4qwRxa8vTRFBF0uk2lLoLwho=
github.com/ChristopherDavenport/agentsession v0.0.8 h1:wGChCiTzCV4vgnc78BDINHxHdgKcqiAej6FZwny6wbg=
github.com/ChristopherDavenport/agentsession v0.0.8/go.mod h1:lx4LgOt9hgxBAWDvMy29zgJ4YDChR7X5bROKHDp0Hiw=
github.com/ChristopherDavenport/agenttool v0.0.8 h1:Vat/6D/MP7my+fati2jnlUTOjEkhC+jje6IDwrXstlc=
github.com/ChristopherDavenport/agenttool v0.0.8/go.mod h1:7XGX4PGUU01SxN/H94FYTZ9QhKyM8YNBYyJW1tBYY30=
github.com/ChristopherDavenport/agentturn v0.0.9 h1:R6nA5Xl9ww4I5WSUgATgNGqT7cAwA3E+YbeD0+7Cxy8=
github.com/ChristopherDavenport/agentturn v0.0.9/go.mod h1:/QkmRBvXJWzLUtbEFghMyecoIW2Tjyey6k7MCxiuPpY=
github.com/ChristopherDavenport/agentturn/session v0.0.9 h1:mzuXiHvCONESzftjEylDq1u1tBDLVvNOSLJQRBzc8fc=
github.com/ChristopherDavenport/agentturn/session v0.0.9/go.mod h1:Ipkz58vkaaNi2Q4FetoI78tpLMaAKZ5BPRTjgmezWvQ=
github.com/ChristopherDavenport/openresponses v0.0.12 h1:Cg4gYqf1ZMVQhYRmD94f068OLUQEv4rIK/9bl8EBUA4=
github.com/ChristopherDavenport/openresponses v0.0.12/go.mod h1:oZT6GCySXw3+vL5LzrJrRI5qagBumqvwDZdp6Kr++a8=
