github.com/BurntSushi/toml v1.6.0 h1:dRaEfpa2VI55EwlIW72hMRHdWouJeRF7TPYhI+AUQjk=
github.com/BurntSushi/toml v1.6.0/go.mod h1:ukJfTF/6rtPPRCnwkur4qwRxa8vTRFBF0uk2lLoLwho=
github.com/ChristopherDavenport/agentsession v0.0.15 h1:hCMy22ZS0Vo0g/1wIrPGfc2THzfnduq5UhSoYx5c3kA=
github.com/ChristopherDavenport/agentsession v0.0.15/go.mod h1:lx4LgOt9hgxBAWDvMy29zgJ4YDChR7X5bROKHDp0Hiw=
github.com/ChristopherDavenport/agenttool v0.0.11 h1:YEQIx6RwDReMZ3oGmrY2W0j6kYwyNjWRLqO7qLUvXKo=
github.com/ChristopherDavenport/agenttool v0.0.11/go.mod h1:7XGX4PGUU01SxN/H94FYTZ9QhKyM8YNBYyJW1tBYY30=
github.com/ChristopherDavenport/agentturn v0.0.12 h1:nLCVQ+8LtniPY7CphskndvdTuBlZMNzuDFejTVE52LM=
github.com/ChristopherDavenport/agentturn v0.0.12/go.mod h1:EK5+I5g3KfOnsQRucVbil38eqgJr5r5S+T8wZmCEFrg=
github.com/ChristopherDavenport/agentturn/session v0.0.12 h1:iUAirDIqTKoHbU9HvhDyJdfHovPNOXv4iv0gX2G6vzE=
github.com/ChristopherDavenport/agentturn/session v0.0.12/go.mod h1:SEQtQHCu+y7Bqfk5Pmu7GviUw3tSzxPmj7VBxbsq+Po=
github.com/ChristopherDavenport/openresponses v0.0.12 h1:Cg4gYqf1ZMVQhYRmD94f068OLUQEv4rIK/9bl8EBUA4=
github.com/ChristopherDavenport/openresponses v0.0.12/go.mod h1:oZT6GCySXw3+vL5LzrJrRI5qagBumqvwDZdp6Kr++a8=
